
Microsoft Visual Studio Solution File, Format Version 12.00
# Visual Studio Version 17
VisualStudioVersion = 17.5.33516.290
MinimumVisualStudioVersion = 10.0.40219.1
Project("{8BC9CEB8-8B4A-11D0-8D11-00A0C91BC942}") = "CProject01_puts", "CProject01\CProject01.vcxproj", "{89540E09-B7DB-4E2B-BD2D-8709AAF3CB70}"
EndProject
Project("{8BC9CEB8-8B4A-11D0-8D11-00A0C91BC942}") = "Cproject02_ANSI_Cursor_Printf", "Cproject02\Cproject02.vcxproj", "{A754F62E-516E-4B69-ACF1-84C40468A378}"
EndProject
Project("{8BC9CEB8-8B4A-11D0-8D11-00A0C91BC942}") = "CTestProject", "CTestProject\CTestProject.vcxproj", "{90590A94-2EC6-42BA-9855-6D5ABA17B558}"
EndProject
Project("{8BC9CEB8-8B4A-11D0-8D11-00A0C91BC942}") = "CProject03_getchar", "CProject03\CProject03.vcxproj", "{9624E634-408B-44D6-9CA5-1D56BB746BFD}"
EndProject
Project("{8BC9CEB8-8B4A-11D0-8D11-00A0C91BC942}") = "CProject04_if", "CProject04\CProject04.vcxproj", "{6E0481E7-ED59-4E82-B0B4-CBA4B546FB6F}"
EndProject
Project("{8BC9CEB8-8B4A-11D0-8D11-00A0C91BC942}") = "CProject05_while_Sleep", "CProject05\CProject05.vcxproj", "{274D027D-1C54-47DF-9BF3-9CB57E33CE74}"
EndProject
Project("{8BC9CEB8-8B4A-11D0-8D11-00A0C91BC942}") = "CProject07_ANSI_Color2", "CProject07\CProject07.vcxproj", "{F9A81F8B-1509-4E84-A4AD-8AADC3A67672}"
EndProject
Project("{8BC9CEB8-8B4A-11D0-8D11-00A0C91BC942}") = "ScratchFile", "ScratchFile\ScratchFile.vcxproj", "{A3F454A9-DAE1-4D48-AD7C-74787B1FE37B}"
EndProject
Project("{8BC9CEB8-8B4A-11D0-8D11-00A0C91BC942}") = "CProject06_ANSI_Color", "CProject06\CProject06.vcxproj", "{13536450-C8C6-4B5E-BD69-A59E72D2D057}"
EndProject
Project("{8BC9CEB8-8B4A-11D0-8D11-00A0C91BC942}") = "CProject08_getch", "CProject08\CProject08.vcxproj", "{5E25A58D-35AC-4D0C-A8F2-C79C893558E7}"
EndProject
Project("{8BC9CEB8-8B4A-11D0-8D11-00A0C91BC942}") = "CProject09_Operator", "CProject09\CProject09.vcxproj", "{276F62FB-70C4-453C-B804-C647D887144E}"
EndProject
Project("{8BC9CEB8-8B4A-11D0-8D11-00A0C91BC942}") = "CProject10_TitleScreen", "CProject10\CProject10.vcxproj", "{5375F2D2-6A63-44AB-93AC-3A2038D51D35}"
EndProject
Project("{8BC9CEB8-8B4A-11D0-8D11-00A0C91BC942}") = "CProject11_if_else", "CProject11\CProject11.vcxproj", "{185F42B7-5C10-4BC6-94C2-355A990A55F4}"
EndProject
Project("{8BC9CEB8-8B4A-11D0-8D11-00A0C91BC942}") = "CProject12_goto", "CProject12_goto\CProject12_goto.vcxproj", "{B5E48070-0FE5-440E-931A-5E3F4E3C9999}"
EndProject
Project("{8BC9CEB8-8B4A-11D0-8D11-00A0C91BC942}") = "CProject13_SwitchCase", "CProject13\CProject13.vcxproj", "{7D33E4AC-1F8F-4DA8-BAD5-9A082CF7C0AE}"
EndProject
Project("{8BC9CEB8-8B4A-11D0-8D11-00A0C91BC942}") = "CProject14_Loop", "CProject14_Loop\CProject14_Loop.vcxproj", "{5DE702DF-2DF1-45F9-8E73-E3E1D93F9493}"
EndProject
Project("{8BC9CEB8-8B4A-11D0-8D11-00A0C91BC942}") = "CProject16_GameLoop", "CProject15_GameLoop\CProject15_GameLoop.vcxproj", "{FCF3E360-497C-48B9-AEB7-A43D06F2C87A}"
EndProject
Project("{8BC9CEB8-8B4A-11D0-8D11-00A0C91BC942}") = "CProject15_GameState_TitleMenu", "CProject16_GameState_TitleMenu\CProject16_GameState_TitleMenu.vcxproj", "{F7F0FD4F-99E2-4C32-BE6A-ABEDF7B46305}"
EndProject
Project("{8BC9CEB8-8B4A-11D0-8D11-00A0C91BC942}") = "CProjectM_Test", "CProject17\CProject17.vcxproj", "{4E9BCA17-B4D2-4957-BA72-A9BB54BCE9FA}"
EndProject
Project("{8BC9CEB8-8B4A-11D0-8D11-00A0C91BC942}") = "CProject17_Coordinate_MoveKey", "CProject17_GameLoop2\CProject17_GameLoop2.vcxproj", "{0BBD2D9A-363E-4550-8C8B-B94339031CBF}"
EndProject
Project("{8BC9CEB8-8B4A-11D0-8D11-00A0C91BC942}") = "CProject18_GameLoop_Global Variable", "CProject18\CProject18.vcxproj", "{601AA623-F00F-42FB-9D36-A93DF248F89E}"
EndProject
Project("{8BC9CEB8-8B4A-11D0-8D11-00A0C91BC942}") = "CProject19_GameLoop_Optimization", "CProject19_GameLoop_Vsync\CProject19_GameLoop_Vsync.vcxproj", "{AB4524AC-D11E-4124-BDC3-253C3CECCDE4}"
EndProject
Project("{8BC9CEB8-8B4A-11D0-8D11-00A0C91BC942}") = "CProject20_GetKeyAsyncState", "CProject21-DeltaTime\CProject21-DeltaTime.vcxproj", "{EA08604C-61FA-4646-AF73-5E8584341913}"
EndProject
Project("{8BC9CEB8-8B4A-11D0-8D11-00A0C91BC942}") = "CProject24_printf_scanf", "CProject24\CProject24.vcxproj", "{687D5F52-CE4E-4DC3-B9CC-DA7515892874}"
EndProject
Project("{8BC9CEB8-8B4A-11D0-8D11-00A0C91BC942}") = "CProject25_echo", "CProject25\CProject25.vcxproj", "{CB273407-361D-4C11-8440-6AC271128E00}"
EndProject
Project("{8BC9CEB8-8B4A-11D0-8D11-00A0C91BC942}") = "CProject26_printf+", "CProject26\CProject26.vcxproj", "{003CD48B-3316-4BFD-A3A4-F392E45FA44C}"
EndProject
Project("{8BC9CEB8-8B4A-11D0-8D11-00A0C91BC942}") = "CProject21_Pointer", "CProject21\CProject21.vcxproj", "{988B526D-A549-4A34-9AC0-B167651348B9}"
EndProject
Project("{8BC9CEB8-8B4A-11D0-8D11-00A0C91BC942}") = "CProject22_Array", "CProject22\CProject22.vcxproj", "{41299954-A4D9-49E3-B858-267EFD672547}"
EndProject
Project("{8BC9CEB8-8B4A-11D0-8D11-00A0C91BC942}") = "CProject23_String", "CProject23\CProject23.vcxproj", "{A0D90185-3AD1-432B-84E9-91D11D0F74AE}"
EndProject
Project("{8BC9CEB8-8B4A-11D0-8D11-00A0C91BC942}") = "CProject_Test01", "CProject_Test01\CProject_Test01.vcxproj", "{7DC602F6-5F3C-47AD-850F-4F842F3C7F5E}"
EndProject
Project("{8BC9CEB8-8B4A-11D0-8D11-00A0C91BC942}") = "CProject28_Color", "CProject28_Color\CProject28_Color.vcxproj", "{D5ABE573-2D3F-4935-B248-2F0B5E4E9CB0}"
EndProject
Project("{8BC9CEB8-8B4A-11D0-8D11-00A0C91BC942}") = "CProject27_Coordinate", "CProject27_Coordinate\CProject27_Coordinate.vcxproj", "{4BDBC6A8-031C-42E6-ABC8-CB0CB930F48C}"
EndProject
Project("{8BC9CEB8-8B4A-11D0-8D11-00A0C91BC942}") = "CProject29_DrawPixel", "CProject29_DrawPixel\CProject29_DrawPixel.vcxproj", "{CC35E76C-6FC4-4E1B-BA8B-C6CCC6A416E6}"
EndProject
Project("{8BC9CEB8-8B4A-11D0-8D11-00A0C91BC942}") = "CProject30_ScrollView", "CProject30_ScrollView\CProject30_ScrollView.vcxproj", "{1196A69F-4F8E-4CC3-AB69-A015EDDEE4D0}"
EndProject
Global
	GlobalSection(SolutionConfigurationPlatforms) = preSolution
		Debug|x64 = Debug|x64
		Debug|x86 = Debug|x86
		Release|x64 = Release|x64
		Release|x86 = Release|x86
	EndGlobalSection
	GlobalSection(ProjectConfigurationPlatforms) = postSolution
		{89540E09-B7DB-4E2B-BD2D-8709AAF3CB70}.Debug|x64.ActiveCfg = Debug|x64
		{89540E09-B7DB-4E2B-BD2D-8709AAF3CB70}.Debug|x64.Build.0 = Debug|x64
		{89540E09-B7DB-4E2B-BD2D-8709AAF3CB70}.Debug|x86.ActiveCfg = Debug|Win32
		{89540E09-B7DB-4E2B-BD2D-8709AAF3CB70}.Debug|x86.Build.0 = Debug|Win32
		{89540E09-B7DB-4E2B-BD2D-8709AAF3CB70}.Release|x64.ActiveCfg = Release|x64
		{89540E09-B7DB-4E2B-BD2D-8709AAF3CB70}.Release|x64.Build.0 = Release|x64
		{89540E09-B7DB-4E2B-BD2D-8709AAF3CB70}.Release|x86.ActiveCfg = Release|Win32
		{89540E09-B7DB-4E2B-BD2D-8709AAF3CB70}.Release|x86.Build.0 = Release|Win32
		{A754F62E-516E-4B69-ACF1-84C40468A378}.Debug|x64.ActiveCfg = Debug|x64
		{A754F62E-516E-4B69-ACF1-84C40468A378}.Debug|x64.Build.0 = Debug|x64
		{A754F62E-516E-4B69-ACF1-84C40468A378}.Debug|x86.ActiveCfg = Debug|Win32
		{A754F62E-516E-4B69-ACF1-84C40468A378}.Debug|x86.Build.0 = Debug|Win32
		{A754F62E-516E-4B69-ACF1-84C40468A378}.Release|x64.ActiveCfg = Release|x64
		{A754F62E-516E-4B69-ACF1-84C40468A378}.Release|x64.Build.0 = Release|x64
		{A754F62E-516E-4B69-ACF1-84C40468A378}.Release|x86.ActiveCfg = Release|Win32
		{A754F62E-516E-4B69-ACF1-84C40468A378}.Release|x86.Build.0 = Release|Win32
		{90590A94-2EC6-42BA-9855-6D5ABA17B558}.Debug|x64.ActiveCfg = Debug|x64
		{90590A94-2EC6-42BA-9855-6D5ABA17B558}.Debug|x64.Build.0 = Debug|x64
		{90590A94-2EC6-42BA-9855-6D5ABA17B558}.Debug|x86.ActiveCfg = Debug|Win32
		{90590A94-2EC6-42BA-9855-6D5ABA17B558}.Debug|x86.Build.0 = Debug|Win32
		{90590A94-2EC6-42BA-9855-6D5ABA17B558}.Release|x64.ActiveCfg = Release|x64
		{90590A94-2EC6-42BA-9855-6D5ABA17B558}.Release|x64.Build.0 = Release|x64
		{90590A94-2EC6-42BA-9855-6D5ABA17B558}.Release|x86.ActiveCfg = Release|Win32
		{90590A94-2EC6-42BA-9855-6D5ABA17B558}.Release|x86.Build.0 = Release|Win32
		{9624E634-408B-44D6-9CA5-1D56BB746BFD}.Debug|x64.ActiveCfg = Debug|x64
		{9624E634-408B-44D6-9CA5-1D56BB746BFD}.Debug|x64.Build.0 = Debug|x64
		{9624E634-408B-44D6-9CA5-1D56BB746BFD}.Debug|x86.ActiveCfg = Debug|Win32
		{9624E634-408B-44D6-9CA5-1D56BB746BFD}.Debug|x86.Build.0 = Debug|Win32
		{9624E634-408B-44D6-9CA5-1D56BB746BFD}.Release|x64.ActiveCfg = Release|x64
		{9624E634-408B-44D6-9CA5-1D56BB746BFD}.Release|x64.Build.0 = Release|x64
		{9624E634-408B-44D6-9CA5-1D56BB746BFD}.Release|x86.ActiveCfg = Release|Win32
		{9624E634-408B-44D6-9CA5-1D56BB746BFD}.Release|x86.Build.0 = Release|Win32
		{6E0481E7-ED59-4E82-B0B4-CBA4B546FB6F}.Debug|x64.ActiveCfg = Debug|x64
		{6E0481E7-ED59-4E82-B0B4-CBA4B546FB6F}.Debug|x64.Build.0 = Debug|x64
		{6E0481E7-ED59-4E82-B0B4-CBA4B546FB6F}.Debug|x86.ActiveCfg = Debug|Win32
		{6E0481E7-ED59-4E82-B0B4-CBA4B546FB6F}.Debug|x86.Build.0 = Debug|Win32
		{6E0481E7-ED59-4E82-B0B4-CBA4B546FB6F}.Release|x64.ActiveCfg = Release|x64
		{6E0481E7-ED59-4E82-B0B4-CBA4B546FB6F}.Release|x64.Build.0 = Release|x64
		{6E0481E7-ED59-4E82-B0B4-CBA4B546FB6F}.Release|x86.ActiveCfg = Release|Win32
		{6E0481E7-ED59-4E82-B0B4-CBA4B546FB6F}.Release|x86.Build.0 = Release|Win32
		{274D027D-1C54-47DF-9BF3-9CB57E33CE74}.Debug|x64.ActiveCfg = Debug|x64
		{274D027D-1C54-47DF-9BF3-9CB57E33CE74}.Debug|x64.Build.0 = Debug|x64
		{274D027D-1C54-47DF-9BF3-9CB57E33CE74}.Debug|x86.ActiveCfg = Debug|Win32
		{274D027D-1C54-47DF-9BF3-9CB57E33CE74}.Debug|x86.Build.0 = Debug|Win32
		{274D027D-1C54-47DF-9BF3-9CB57E33CE74}.Release|x64.ActiveCfg = Release|x64
		{274D027D-1C54-47DF-9BF3-9CB57E33CE74}.Release|x64.Build.0 = Release|x64
		{274D027D-1C54-47DF-9BF3-9CB57E33CE74}.Release|x86.ActiveCfg = Release|Win32
		{274D027D-1C54-47DF-9BF3-9CB57E33CE74}.Release|x86.Build.0 = Release|Win32
		{F9A81F8B-1509-4E84-A4AD-8AADC3A67672}.Debug|x64.ActiveCfg = Debug|x64
		{F9A81F8B-1509-4E84-A4AD-8AADC3A67672}.Debug|x64.Build.0 = Debug|x64
		{F9A81F8B-1509-4E84-A4AD-8AADC3A67672}.Debug|x86.ActiveCfg = Debug|Win32
		{F9A81F8B-1509-4E84-A4AD-8AADC3A67672}.Debug|x86.Build.0 = Debug|Win32
		{F9A81F8B-1509-4E84-A4AD-8AADC3A67672}.Release|x64.ActiveCfg = Release|x64
		{F9A81F8B-1509-4E84-A4AD-8AADC3A67672}.Release|x64.Build.0 = Release|x64
		{F9A81F8B-1509-4E84-A4AD-8AADC3A67672}.Release|x86.ActiveCfg = Release|Win32
		{F9A81F8B-1509-4E84-A4AD-8AADC3A67672}.Release|x86.Build.0 = Release|Win32
		{A3F454A9-DAE1-4D48-AD7C-74787B1FE37B}.Debug|x64.ActiveCfg = Debug|x64
		{A3F454A9-DAE1-4D48-AD7C-74787B1FE37B}.Debug|x64.Build.0 = Debug|x64
		{A3F454A9-DAE1-4D48-AD7C-74787B1FE37B}.Debug|x86.ActiveCfg = Debug|Win32
		{A3F454A9-DAE1-4D48-AD7C-74787B1FE37B}.Debug|x86.Build.0 = Debug|Win32
		{A3F454A9-DAE1-4D48-AD7C-74787B1FE37B}.Release|x64.ActiveCfg = Release|x64
		{A3F454A9-DAE1-4D48-AD7C-74787B1FE37B}.Release|x64.Build.0 = Release|x64
		{A3F454A9-DAE1-4D48-AD7C-74787B1FE37B}.Release|x86.ActiveCfg = Release|Win32
		{A3F454A9-DAE1-4D48-AD7C-74787B1FE37B}.Release|x86.Build.0 = Release|Win32
		{13536450-C8C6-4B5E-BD69-A59E72D2D057}.Debug|x64.ActiveCfg = Debug|x64
		{13536450-C8C6-4B5E-BD69-A59E72D2D057}.Debug|x64.Build.0 = Debug|x64
		{13536450-C8C6-4B5E-BD69-A59E72D2D057}.Debug|x86.ActiveCfg = Debug|Win32
		{13536450-C8C6-4B5E-BD69-A59E72D2D057}.Debug|x86.Build.0 = Debug|Win32
		{13536450-C8C6-4B5E-BD69-A59E72D2D057}.Release|x64.ActiveCfg = Release|x64
		{13536450-C8C6-4B5E-BD69-A59E72D2D057}.Release|x64.Build.0 = Release|x64
		{13536450-C8C6-4B5E-BD69-A59E72D2D057}.Release|x86.ActiveCfg = Release|Win32
		{13536450-C8C6-4B5E-BD69-A59E72D2D057}.Release|x86.Build.0 = Release|Win32
		{5E25A58D-35AC-4D0C-A8F2-C79C893558E7}.Debug|x64.ActiveCfg = Debug|x64
		{5E25A58D-35AC-4D0C-A8F2-C79C893558E7}.Debug|x64.Build.0 = Debug|x64
		{5E25A58D-35AC-4D0C-A8F2-C79C893558E7}.Debug|x86.ActiveCfg = Debug|Win32
		{5E25A58D-35AC-4D0C-A8F2-C79C893558E7}.Debug|x86.Build.0 = Debug|Win32
		{5E25A58D-35AC-4D0C-A8F2-C79C893558E7}.Release|x64.ActiveCfg = Release|x64
		{5E25A58D-35AC-4D0C-A8F2-C79C893558E7}.Release|x64.Build.0 = Release|x64
		{5E25A58D-35AC-4D0C-A8F2-C79C893558E7}.Release|x86.ActiveCfg = Release|Win32
		{5E25A58D-35AC-4D0C-A8F2-C79C893558E7}.Release|x86.Build.0 = Release|Win32
		{276F62FB-70C4-453C-B804-C647D887144E}.Debug|x64.ActiveCfg = Debug|x64
		{276F62FB-70C4-453C-B804-C647D887144E}.Debug|x64.Build.0 = Debug|x64
		{276F62FB-70C4-453C-B804-C647D887144E}.Debug|x86.ActiveCfg = Debug|Win32
		{276F62FB-70C4-453C-B804-C647D887144E}.Debug|x86.Build.0 = Debug|Win32
		{276F62FB-70C4-453C-B804-C647D887144E}.Release|x64.ActiveCfg = Release|x64
		{276F62FB-70C4-453C-B804-C647D887144E}.Release|x64.Build.0 = Release|x64
		{276F62FB-70C4-453C-B804-C647D887144E}.Release|x86.ActiveCfg = Release|Win32
		{276F62FB-70C4-453C-B804-C647D887144E}.Release|x86.Build.0 = Release|Win32
		{5375F2D2-6A63-44AB-93AC-3A2038D51D35}.Debug|x64.ActiveCfg = Debug|x64
		{5375F2D2-6A63-44AB-93AC-3A2038D51D35}.Debug|x64.Build.0 = Debug|x64
		{5375F2D2-6A63-44AB-93AC-3A2038D51D35}.Debug|x86.ActiveCfg = Debug|Win32
		{5375F2D2-6A63-44AB-93AC-3A2038D51D35}.Debug|x86.Build.0 = Debug|Win32
		{5375F2D2-6A63-44AB-93AC-3A2038D51D35}.Release|x64.ActiveCfg = Release|x64
		{5375F2D2-6A63-44AB-93AC-3A2038D51D35}.Release|x64.Build.0 = Release|x64
		{5375F2D2-6A63-44AB-93AC-3A2038D51D35}.Release|x86.ActiveCfg = Release|Win32
		{5375F2D2-6A63-44AB-93AC-3A2038D51D35}.Release|x86.Build.0 = Release|Win32
		{185F42B7-5C10-4BC6-94C2-355A990A55F4}.Debug|x64.ActiveCfg = Debug|x64
		{185F42B7-5C10-4BC6-94C2-355A990A55F4}.Debug|x64.Build.0 = Debug|x64
		{185F42B7-5C10-4BC6-94C2-355A990A55F4}.Debug|x86.ActiveCfg = Debug|Win32
		{185F42B7-5C10-4BC6-94C2-355A990A55F4}.Debug|x86.Build.0 = Debug|Win32
		{185F42B7-5C10-4BC6-94C2-355A990A55F4}.Release|x64.ActiveCfg = Release|x64
		{185F42B7-5C10-4BC6-94C2-355A990A55F4}.Release|x64.Build.0 = Release|x64
		{185F42B7-5C10-4BC6-94C2-355A990A55F4}.Release|x86.ActiveCfg = Release|Win32
		{185F42B7-5C10-4BC6-94C2-355A990A55F4}.Release|x86.Build.0 = Release|Win32
		{B5E48070-0FE5-440E-931A-5E3F4E3C9999}.Debug|x64.ActiveCfg = Debug|x64
		{B5E48070-0FE5-440E-931A-5E3F4E3C9999}.Debug|x64.Build.0 = Debug|x64
		{B5E48070-0FE5-440E-931A-5E3F4E3C9999}.Debug|x86.ActiveCfg = Debug|Win32
		{B5E48070-0FE5-440E-931A-5E3F4E3C9999}.Debug|x86.Build.0 = Debug|Win32
		{B5E48070-0FE5-440E-931A-5E3F4E3C9999}.Release|x64.ActiveCfg = Release|x64
		{B5E48070-0FE5-440E-931A-5E3F4E3C9999}.Release|x64.Build.0 = Release|x64
		{B5E48070-0FE5-440E-931A-5E3F4E3C9999}.Release|x86.ActiveCfg = Release|Win32
		{B5E48070-0FE5-440E-931A-5E3F4E3C9999}.Release|x86.Build.0 = Release|Win32
		{7D33E4AC-1F8F-4DA8-BAD5-9A082CF7C0AE}.Debug|x64.ActiveCfg = Debug|x64
		{7D33E4AC-1F8F-4DA8-BAD5-9A082CF7C0AE}.Debug|x64.Build.0 = Debug|x64
		{7D33E4AC-1F8F-4DA8-BAD5-9A082CF7C0AE}.Debug|x86.ActiveCfg = Debug|Win32
		{7D33E4AC-1F8F-4DA8-BAD5-9A082CF7C0AE}.Debug|x86.Build.0 = Debug|Win32
		{7D33E4AC-1F8F-4DA8-BAD5-9A082CF7C0AE}.Release|x64.ActiveCfg = Release|x64
		{7D33E4AC-1F8F-4DA8-BAD5-9A082CF7C0AE}.Release|x64.Build.0 = Release|x64
		{7D33E4AC-1F8F-4DA8-BAD5-9A082CF7C0AE}.Release|x86.ActiveCfg = Release|Win32
		{7D33E4AC-1F8F-4DA8-BAD5-9A082CF7C0AE}.Release|x86.Build.0 = Release|Win32
		{5DE702DF-2DF1-45F9-8E73-E3E1D93F9493}.Debug|x64.ActiveCfg = Debug|x64
		{5DE702DF-2DF1-45F9-8E73-E3E1D93F9493}.Debug|x64.Build.0 = Debug|x64
		{5DE702DF-2DF1-45F9-8E73-E3E1D93F9493}.Debug|x86.ActiveCfg = Debug|Win32
		{5DE702DF-2DF1-45F9-8E73-E3E1D93F9493}.Debug|x86.Build.0 = Debug|Win32
		{5DE702DF-2DF1-45F9-8E73-E3E1D93F9493}.Release|x64.ActiveCfg = Release|x64
		{5DE702DF-2DF1-45F9-8E73-E3E1D93F9493}.Release|x64.Build.0 = Release|x64
		{5DE702DF-2DF1-45F9-8E73-E3E1D93F9493}.Release|x86.ActiveCfg = Release|Win32
		{5DE702DF-2DF1-45F9-8E73-E3E1D93F9493}.Release|x86.Build.0 = Release|Win32
		{FCF3E360-497C-48B9-AEB7-A43D06F2C87A}.Debug|x64.ActiveCfg = Debug|x64
		{FCF3E360-497C-48B9-AEB7-A43D06F2C87A}.Debug|x64.Build.0 = Debug|x64
		{FCF3E360-497C-48B9-AEB7-A43D06F2C87A}.Debug|x86.ActiveCfg = Debug|Win32
		{FCF3E360-497C-48B9-AEB7-A43D06F2C87A}.Debug|x86.Build.0 = Debug|Win32
		{FCF3E360-497C-48B9-AEB7-A43D06F2C87A}.Release|x64.ActiveCfg = Release|x64
		{FCF3E360-497C-48B9-AEB7-A43D06F2C87A}.Release|x64.Build.0 = Release|x64
		{FCF3E360-497C-48B9-AEB7-A43D06F2C87A}.Release|x86.ActiveCfg = Release|Win32
		{FCF3E360-497C-48B9-AEB7-A43D06F2C87A}.Release|x86.Build.0 = Release|Win32
		{F7F0FD4F-99E2-4C32-BE6A-ABEDF7B46305}.Debug|x64.ActiveCfg = Debug|x64
		{F7F0FD4F-99E2-4C32-BE6A-ABEDF7B46305}.Debug|x64.Build.0 = Debug|x64
		{F7F0FD4F-99E2-4C32-BE6A-ABEDF7B46305}.Debug|x86.ActiveCfg = Debug|Win32
		{F7F0FD4F-99E2-4C32-BE6A-ABEDF7B46305}.Debug|x86.Build.0 = Debug|Win32
		{F7F0FD4F-99E2-4C32-BE6A-ABEDF7B46305}.Release|x64.ActiveCfg = Release|x64
		{F7F0FD4F-99E2-4C32-BE6A-ABEDF7B46305}.Release|x64.Build.0 = Release|x64
		{F7F0FD4F-99E2-4C32-BE6A-ABEDF7B46305}.Release|x86.ActiveCfg = Release|Win32
		{F7F0FD4F-99E2-4C32-BE6A-ABEDF7B46305}.Release|x86.Build.0 = Release|Win32
		{4E9BCA17-B4D2-4957-BA72-A9BB54BCE9FA}.Debug|x64.ActiveCfg = Debug|x64
		{4E9BCA17-B4D2-4957-BA72-A9BB54BCE9FA}.Debug|x64.Build.0 = Debug|x64
		{4E9BCA17-B4D2-4957-BA72-A9BB54BCE9FA}.Debug|x86.ActiveCfg = Debug|Win32
		{4E9BCA17-B4D2-4957-BA72-A9BB54BCE9FA}.Debug|x86.Build.0 = Debug|Win32
		{4E9BCA17-B4D2-4957-BA72-A9BB54BCE9FA}.Release|x64.ActiveCfg = Release|x64
		{4E9BCA17-B4D2-4957-BA72-A9BB54BCE9FA}.Release|x64.Build.0 = Release|x64
		{4E9BCA17-B4D2-4957-BA72-A9BB54BCE9FA}.Release|x86.ActiveCfg = Release|Win32
		{4E9BCA17-B4D2-4957-BA72-A9BB54BCE9FA}.Release|x86.Build.0 = Release|Win32
		{0BBD2D9A-363E-4550-8C8B-B94339031CBF}.Debug|x64.ActiveCfg = Debug|x64
		{0BBD2D9A-363E-4550-8C8B-B94339031CBF}.Debug|x64.Build.0 = Debug|x64
		{0BBD2D9A-363E-4550-8C8B-B94339031CBF}.Debug|x86.ActiveCfg = Debug|Win32
		{0BBD2D9A-363E-4550-8C8B-B94339031CBF}.Debug|x86.Build.0 = Debug|Win32
		{0BBD2D9A-363E-4550-8C8B-B94339031CBF}.Release|x64.ActiveCfg = Release|x64
		{0BBD2D9A-363E-4550-8C8B-B94339031CBF}.Release|x64.Build.0 = Release|x64
		{0BBD2D9A-363E-4550-8C8B-B94339031CBF}.Release|x86.ActiveCfg = Release|Win32
		{0BBD2D9A-363E-4550-8C8B-B94339031CBF}.Release|x86.Build.0 = Release|Win32
		{601AA623-F00F-42FB-9D36-A93DF248F89E}.Debug|x64.ActiveCfg = Debug|x64
		{601AA623-F00F-42FB-9D36-A93DF248F89E}.Debug|x64.Build.0 = Debug|x64
		{601AA623-F00F-42FB-9D36-A93DF248F89E}.Debug|x86.ActiveCfg = Debug|Win32
		{601AA623-F00F-42FB-9D36-A93DF248F89E}.Debug|x86.Build.0 = Debug|Win32
		{601AA623-F00F-42FB-9D36-A93DF248F89E}.Release|x64.ActiveCfg = Release|x64
		{601AA623-F00F-42FB-9D36-A93DF248F89E}.Release|x64.Build.0 = Release|x64
		{601AA623-F00F-42FB-9D36-A93DF248F89E}.Release|x86.ActiveCfg = Release|Win32
		{601AA623-F00F-42FB-9D36-A93DF248F89E}.Release|x86.Build.0 = Release|Win32
		{AB4524AC-D11E-4124-BDC3-253C3CECCDE4}.Debug|x64.ActiveCfg = Debug|x64
		{AB4524AC-D11E-4124-BDC3-253C3CECCDE4}.Debug|x64.Build.0 = Debug|x64
		{AB4524AC-D11E-4124-BDC3-253C3CECCDE4}.Debug|x86.ActiveCfg = Debug|Win32
		{AB4524AC-D11E-4124-BDC3-253C3CECCDE4}.Debug|x86.Build.0 = Debug|Win32
		{AB4524AC-D11E-4124-BDC3-253C3CECCDE4}.Release|x64.ActiveCfg = Release|x64
		{AB4524AC-D11E-4124-BDC3-253C3CECCDE4}.Release|x64.Build.0 = Release|x64
		{AB4524AC-D11E-4124-BDC3-253C3CECCDE4}.Release|x86.ActiveCfg = Release|Win32
		{AB4524AC-D11E-4124-BDC3-253C3CECCDE4}.Release|x86.Build.0 = Release|Win32
		{EA08604C-61FA-4646-AF73-5E8584341913}.Debug|x64.ActiveCfg = Debug|x64
		{EA08604C-61FA-4646-AF73-5E8584341913}.Debug|x64.Build.0 = Debug|x64
		{EA08604C-61FA-4646-AF73-5E8584341913}.Debug|x86.ActiveCfg = Debug|Win32
		{EA08604C-61FA-4646-AF73-5E8584341913}.Debug|x86.Build.0 = Debug|Win32
		{EA08604C-61FA-4646-AF73-5E8584341913}.Release|x64.ActiveCfg = Release|x64
		{EA08604C-61FA-4646-AF73-5E8584341913}.Release|x64.Build.0 = Release|x64
		{EA08604C-61FA-4646-AF73-5E8584341913}.Release|x86.ActiveCfg = Release|Win32
		{EA08604C-61FA-4646-AF73-5E8584341913}.Release|x86.Build.0 = Release|Win32
		{687D5F52-CE4E-4DC3-B9CC-DA7515892874}.Debug|x64.ActiveCfg = Debug|x64
		{687D5F52-CE4E-4DC3-B9CC-DA7515892874}.Debug|x64.Build.0 = Debug|x64
		{687D5F52-CE4E-4DC3-B9CC-DA7515892874}.Debug|x86.ActiveCfg = Debug|Win32
		{687D5F52-CE4E-4DC3-B9CC-DA7515892874}.Debug|x86.Build.0 = Debug|Win32
		{687D5F52-CE4E-4DC3-B9CC-DA7515892874}.Release|x64.ActiveCfg = Release|x64
		{687D5F52-CE4E-4DC3-B9CC-DA7515892874}.Release|x64.Build.0 = Release|x64
		{687D5F52-CE4E-4DC3-B9CC-DA7515892874}.Release|x86.ActiveCfg = Release|Win32
		{687D5F52-CE4E-4DC3-B9CC-DA7515892874}.Release|x86.Build.0 = Release|Win32
		{CB273407-361D-4C11-8440-6AC271128E00}.Debug|x64.ActiveCfg = Debug|x64
		{CB273407-361D-4C11-8440-6AC271128E00}.Debug|x64.Build.0 = Debug|x64
		{CB273407-361D-4C11-8440-6AC271128E00}.Debug|x86.ActiveCfg = Debug|Win32
		{CB273407-361D-4C11-8440-6AC271128E00}.Debug|x86.Build.0 = Debug|Win32
		{CB273407-361D-4C11-8440-6AC271128E00}.Release|x64.ActiveCfg = Release|x64
		{CB273407-361D-4C11-8440-6AC271128E00}.Release|x64.Build.0 = Release|x64
		{CB273407-361D-4C11-8440-6AC271128E00}.Release|x86.ActiveCfg = Release|Win32
		{CB273407-361D-4C11-8440-6AC271128E00}.Release|x86.Build.0 = Release|Win32
		{003CD48B-3316-4BFD-A3A4-F392E45FA44C}.Debug|x64.ActiveCfg = Debug|x64
		{003CD48B-3316-4BFD-A3A4-F392E45FA44C}.Debug|x64.Build.0 = Debug|x64
		{003CD48B-3316-4BFD-A3A4-F392E45FA44C}.Debug|x86.ActiveCfg = Debug|Win32
		{003CD48B-3316-4BFD-A3A4-F392E45FA44C}.Debug|x86.Build.0 = Debug|Win32
		{003CD48B-3316-4BFD-A3A4-F392E45FA44C}.Release|x64.ActiveCfg = Release|x64
		{003CD48B-3316-4BFD-A3A4-F392E45FA44C}.Release|x64.Build.0 = Release|x64
		{003CD48B-3316-4BFD-A3A4-F392E45FA44C}.Release|x86.ActiveCfg = Release|Win32
		{003CD48B-3316-4BFD-A3A4-F392E45FA44C}.Release|x86.Build.0 = Release|Win32
		{988B526D-A549-4A34-9AC0-B167651348B9}.Debug|x64.ActiveCfg = Debug|x64
		{988B526D-A549-4A34-9AC0-B167651348B9}.Debug|x64.Build.0 = Debug|x64
		{988B526D-A549-4A34-9AC0-B167651348B9}.Debug|x86.ActiveCfg = Debug|Win32
		{988B526D-A549-4A34-9AC0-B167651348B9}.Debug|x86.Build.0 = Debug|Win32
		{988B526D-A549-4A34-9AC0-B167651348B9}.Release|x64.ActiveCfg = Release|x64
		{988B526D-A549-4A34-9AC0-B167651348B9}.Release|x64.Build.0 = Release|x64
		{988B526D-A549-4A34-9AC0-B167651348B9}.Release|x86.ActiveCfg = Release|Win32
		{988B526D-A549-4A34-9AC0-B167651348B9}.Release|x86.Build.0 = Release|Win32
		{41299954-A4D9-49E3-B858-267EFD672547}.Debug|x64.ActiveCfg = Debug|x64
		{41299954-A4D9-49E3-B858-267EFD672547}.Debug|x64.Build.0 = Debug|x64
		{41299954-A4D9-49E3-B858-267EFD672547}.Debug|x86.ActiveCfg = Debug|Win32
		{41299954-A4D9-49E3-B858-267EFD672547}.Debug|x86.Build.0 = Debug|Win32
		{41299954-A4D9-49E3-B858-267EFD672547}.Release|x64.ActiveCfg = Release|x64
		{41299954-A4D9-49E3-B858-267EFD672547}.Release|x64.Build.0 = Release|x64
		{41299954-A4D9-49E3-B858-267EFD672547}.Release|x86.ActiveCfg = Release|Win32
		{41299954-A4D9-49E3-B858-267EFD672547}.Release|x86.Build.0 = Release|Win32
		{A0D90185-3AD1-432B-84E9-91D11D0F74AE}.Debug|x64.ActiveCfg = Debug|x64
		{A0D90185-3AD1-432B-84E9-91D11D0F74AE}.Debug|x64.Build.0 = Debug|x64
		{A0D90185-3AD1-432B-84E9-91D11D0F74AE}.Debug|x86.ActiveCfg = Debug|Win32
		{A0D90185-3AD1-432B-84E9-91D11D0F74AE}.Debug|x86.Build.0 = Debug|Win32
		{A0D90185-3AD1-432B-84E9-91D11D0F74AE}.Release|x64.ActiveCfg = Release|x64
		{A0D90185-3AD1-432B-84E9-91D11D0F74AE}.Release|x64.Build.0 = Release|x64
		{A0D90185-3AD1-432B-84E9-91D11D0F74AE}.Release|x86.ActiveCfg = Release|Win32
		{A0D90185-3AD1-432B-84E9-91D11D0F74AE}.Release|x86.Build.0 = Release|Win32
		{7DC602F6-5F3C-47AD-850F-4F842F3C7F5E}.Debug|x64.ActiveCfg = Debug|x64
		{7DC602F6-5F3C-47AD-850F-4F842F3C7F5E}.Debug|x64.Build.0 = Debug|x64
		{7DC602F6-5F3C-47AD-850F-4F842F3C7F5E}.Debug|x86.ActiveCfg = Debug|Win32
		{7DC602F6-5F3C-47AD-850F-4F842F3C7F5E}.Debug|x86.Build.0 = Debug|Win32
		{7DC602F6-5F3C-47AD-850F-4F842F3C7F5E}.Release|x64.ActiveCfg = Release|x64
		{7DC602F6-5F3C-47AD-850F-4F842F3C7F5E}.Release|x64.Build.0 = Release|x64
		{7DC602F6-5F3C-47AD-850F-4F842F3C7F5E}.Release|x86.ActiveCfg = Release|Win32
		{7DC602F6-5F3C-47AD-850F-4F842F3C7F5E}.Release|x86.Build.0 = Release|Win32
		{D5ABE573-2D3F-4935-B248-2F0B5E4E9CB0}.Debug|x64.ActiveCfg = Debug|x64
		{D5ABE573-2D3F-4935-B248-2F0B5E4E9CB0}.Debug|x64.Build.0 = Debug|x64
		{D5ABE573-2D3F-4935-B248-2F0B5E4E9CB0}.Debug|x86.ActiveCfg = Debug|Win32
		{D5ABE573-2D3F-4935-B248-2F0B5E4E9CB0}.Debug|x86.Build.0 = Debug|Win32
		{D5ABE573-2D3F-4935-B248-2F0B5E4E9CB0}.Release|x64.ActiveCfg = Release|x64
		{D5ABE573-2D3F-4935-B248-2F0B5E4E9CB0}.Release|x64.Build.0 = Release|x64
		{D5ABE573-2D3F-4935-B248-2F0B5E4E9CB0}.Release|x86.ActiveCfg = Release|Win32
		{D5ABE573-2D3F-4935-B248-2F0B5E4E9CB0}.Release|x86.Build.0 = Release|Win32
		{4BDBC6A8-031C-42E6-ABC8-CB0CB930F48C}.Debug|x64.ActiveCfg = Debug|x64
		{4BDBC6A8-031C-42E6-ABC8-CB0CB930F48C}.Debug|x64.Build.0 = Debug|x64
		{4BDBC6A8-031C-42E6-ABC8-CB0CB930F48C}.Debug|x86.ActiveCfg = Debug|Win32
		{4BDBC6A8-031C-42E6-ABC8-CB0CB930F48C}.Debug|x86.Build.0 = Debug|Win32
		{4BDBC6A8-031C-42E6-ABC8-CB0CB930F48C}.Release|x64.ActiveCfg = Release|x64
		{4BDBC6A8-031C-42E6-ABC8-CB0CB930F48C}.Release|x64.Build.0 = Release|x64
		{4BDBC6A8-031C-42E6-ABC8-CB0CB930F48C}.Release|x86.ActiveCfg = Release|Win32
		{4BDBC6A8-031C-42E6-ABC8-CB0CB930F48C}.Release|x86.Build.0 = Release|Win32
		{CC35E76C-6FC4-4E1B-BA8B-C6CCC6A416E6}.Debug|x64.ActiveCfg = Debug|x64
		{CC35E76C-6FC4-4E1B-BA8B-C6CCC6A416E6}.Debug|x64.Build.0 = Debug|x64
		{CC35E76C-6FC4-4E1B-BA8B-C6CCC6A416E6}.Debug|x86.ActiveCfg = Debug|Win32
		{CC35E76C-6FC4-4E1B-BA8B-C6CCC6A416E6}.Debug|x86.Build.0 = Debug|Win32
		{CC35E76C-6FC4-4E1B-BA8B-C6CCC6A416E6}.Release|x64.ActiveCfg = Release|x64
		{CC35E76C-6FC4-4E1B-BA8B-C6CCC6A416E6}.Release|x64.Build.0 = Release|x64
		{CC35E76C-6FC4-4E1B-BA8B-C6CCC6A416E6}.Release|x86.ActiveCfg = Release|Win32
		{CC35E76C-6FC4-4E1B-BA8B-C6CCC6A416E6}.Release|x86.Build.0 = Release|Win32
		{1196A69F-4F8E-4CC3-AB69-A015EDDEE4D0}.Debug|x64.ActiveCfg = Debug|x64
		{1196A69F-4F8E-4CC3-AB69-A015EDDEE4D0}.Debug|x64.Build.0 = Debug|x64
		{1196A69F-4F8E-4CC3-AB69-A015EDDEE4D0}.Debug|x86.ActiveCfg = Debug|Win32
		{1196A69F-4F8E-4CC3-AB69-A015EDDEE4D0}.Debug|x86.Build.0 = Debug|Win32
		{1196A69F-4F8E-4CC3-AB69-A015EDDEE4D0}.Release|x64.ActiveCfg = Release|x64
		{1196A69F-4F8E-4CC3-AB69-A015EDDEE4D0}.Release|x64.Build.0 = Release|x64
		{1196A69F-4F8E-4CC3-AB69-A015EDDEE4D0}.Release|x86.ActiveCfg = Release|Win32
		{1196A69F-4F8E-4CC3-AB69-A015EDDEE4D0}.Release|x86.Build.0 = Release|Win32
	EndGlobalSection
	GlobalSection(SolutionProperties) = preSolution
		HideSolutionNode = FALSE
	EndGlobalSection
	GlobalSection(ExtensibilityGlobals) = postSolution
		SolutionGuid = {79AC78A2-1413-4FB8-9A4A-D97CF9006D90}
	EndGlobalSection
EndGlobal
